
Microsoft Visual Studio Solution File, Format Version 12.00
# Visual Studio Version 17
VisualStudioVersion = 17.0.31903.59
MinimumVisualStudioVersion = 10.0.40219.1
Project("{2150E333-8FDC-42A3-9474-1A3956D46DE8}") = "src", "src", "{4701C2C1-112A-437F-B15B-151350D810E3}"
EndProject
Project("{FAE04EC0-301F-11D3-BF4B-00C04F79EFBC}") = "DemoConsoleApp", "src\DemoConsoleApp\DemoConsoleApp.csproj", "{116AD286-3CE9-45DB-89A2-D34979062EAF}"
EndProject
Project("{FAE04EC0-301F-11D3-BF4B-00C04F79EFBC}") = "TodoApi", "src\TodoApi\TodoApi.csproj", "{58178D91-05AF-48F4-B1C2-211B9D508105}"
EndProject
Project("{2150E333-8FDC-42A3-9474-1A3956D46DE8}") = "tests", "tests", "{E6BAD8BB-90BD-491F-AFA4-1E014D06BF6A}"
EndProject
Project("{FAE04EC0-301F-11D3-BF4B-00C04F79EFBC}") = "TodoApi.Tests", "tests\TodoApi.Tests\TodoApi.Tests.csproj", "{8DAC3FF2-5BFD-48AF-ADA0-0140B92D54DC}"
EndProject
Global
	GlobalSection(SolutionConfigurationPlatforms) = preSolution
		Debug|Any CPU = Debug|Any CPU
		Release|Any CPU = Release|Any CPU
	EndGlobalSection
	GlobalSection(SolutionProperties) = preSolution
		HideSolutionNode = FALSE
	EndGlobalSection
	GlobalSection(ProjectConfigurationPlatforms) = postSolution
		{116AD286-3CE9-45DB-89A2-D34979062EAF}.Debug|Any CPU.ActiveCfg = Debug|Any CPU
		{116AD286-3CE9-45DB-89A2-D34979062EAF}.Debug|Any CPU.Build.0 = Debug|Any CPU
		{116AD286-3CE9-45DB-89A2-D34979062EAF}.Release|Any CPU.ActiveCfg = Release|Any CPU
		{116AD286-3CE9-45DB-89A2-D34979062EAF}.Release|Any CPU.Build.0 = Release|Any CPU
		{58178D91-05AF-48F4-B1C2-211B9D508105}.Debug|Any CPU.ActiveCfg = Debug|Any CPU
		{58178D91-05AF-48F4-B1C2-211B9D508105}.Debug|Any CPU.Build.0 = Debug|Any CPU
		{58178D91-05AF-48F4-B1C2-211B9D508105}.Release|Any CPU.ActiveCfg = Release|Any CPU
		{58178D91-05AF-48F4-B1C2-211B9D508105}.Release|Any CPU.Build.0 = Release|Any CPU
		{8DAC3FF2-5BFD-48AF-ADA0-0140B92D54DC}.Debug|Any CPU.ActiveCfg = Debug|Any CPU
		{8DAC3FF2-5BFD-48AF-ADA0-0140B92D54DC}.Debug|Any CPU.Build.0 = Debug|Any CPU
		{8DAC3FF2-5BFD-48AF-ADA0-0140B92D54DC}.Release|Any CPU.ActiveCfg = Release|Any CPU
		{8DAC3FF2-5BFD-48AF-ADA0-0140B92D54DC}.Release|Any CPU.Build.0 = Release|Any CPU
	EndGlobalSection
	GlobalSection(NestedProjects) = preSolution
		{116AD286-3CE9-45DB-89A2-D34979062EAF} = {4701C2C1-112A-437F-B15B-151350D810E3}
		{58178D91-05AF-48F4-B1C2-211B9D508105} = {4701C2C1-112A-437F-B15B-151350D810E3}
		{8DAC3FF2-5BFD-48AF-ADA0-0140B92D54DC} = {E6BAD8BB-90BD-491F-AFA4-1E014D06BF6A}
	EndGlobalSection
EndGlobal
